
Microsoft Visual Studio Solution File, Format Version 12.00
# Visual Studio Version 17
VisualStudioVersion = 17.2.32616.157
MinimumVisualStudioVersion = 10.0.40219.1
Project("{FAE04EC0-301F-11D3-BF4B-00C04F79EFBC}") = "API", "API\API.csproj", "{259C8FAF-1C5C-4CC7-AA6F-CDE83AE1B13B}"
EndProject
Global
	GlobalSection(SolutionConfigurationPlatforms) = preSolution
		Debug|Any CPU = Debug|Any CPU
		Release|Any CPU = Release|Any CPU
	EndGlobalSection
	GlobalSection(ProjectConfigurationPlatforms) = postSolution
		{259C8FAF-1C5C-4CC7-AA6F-CDE83AE1B13B}.Debug|Any CPU.ActiveCfg = Debug|Any CPU
		{259C8FAF-1C5C-4CC7-AA6F-CDE83AE1B13B}.Debug|Any CPU.Build.0 = Debug|Any CPU
		{259C8FAF-1C5C-4CC7-AA6F-CDE83AE1B13B}.Release|Any CPU.ActiveCfg = Release|Any CPU
		{259C8FAF-1C5C-4CC7-AA6F-CDE83AE1B13B}.Release|Any CPU.Build.0 = Release|Any CPU
	EndGlobalSection
	GlobalSection(SolutionProperties) = preSolution
		HideSolutionNode = FALSE
	EndGlobalSection
	GlobalSection(ExtensibilityGlobals) = postSolution
		SolutionGuid = {5E7F4117-B5D9-4C17-BA31-140B0F6C913D}
	EndGlobalSection
EndGlobal
